// !$*UTF8*$!
{
	archiveVersion = 1;
	classes = {
	};
	objectVersion = 56;
	objects = {

/* Begin PBXBuildFile section */
		7582260107FEAB13E57CF05C /* Pods_PracticalTaskEastEarn.framework in Frameworks */ = {isa = PBXBuildFile; fileRef = D7B29A32E7D692CABA3302A5 /* Pods_PracticalTaskEastEarn.framework */; };
		C90B309E2B8DA14700DFD432 /* ShopByFebricCell.swift in Sources */ = {isa = PBXBuildFile; fileRef = C90B309C2B8DA14700DFD432 /* ShopByFebricCell.swift */; };
		C90B309F2B8DA14700DFD432 /* ShopByFebricCell.xib in Resources */ = {isa = PBXBuildFile; fileRef = C90B309D2B8DA14700DFD432 /* ShopByFebricCell.xib */; };
		C90B30A22B8DAB4400DFD432 /* UnStichedCell.swift in Sources */ = {isa = PBXBuildFile; fileRef = C90B30A02B8DAB4400DFD432 /* UnStichedCell.swift */; };
		C90B30A32B8DAB4400DFD432 /* UnStichedCell.xib in Resources */ = {isa = PBXBuildFile; fileRef = C90B30A12B8DAB4400DFD432 /* UnStichedCell.xib */; };
		C90B30A62B8DBA6100DFD432 /* BeuqueCollectionCell.swift in Sources */ = {isa = PBXBuildFile; fileRef = C90B30A42B8DBA6100DFD432 /* BeuqueCollectionCell.swift */; };
		C90B30A72B8DBA6100DFD432 /* BeuqueCollectionCell.xib in Resources */ = {isa = PBXBuildFile; fileRef = C90B30A52B8DBA6100DFD432 /* BeuqueCollectionCell.xib */; };
		C92587682B8E086000BBE438 /* ZoomAndSnapFlowLayout.swift in Sources */ = {isa = PBXBuildFile; fileRef = C92587672B8E086000BBE438 /* ZoomAndSnapFlowLayout.swift */; };
		C925876D2B8E39F200BBE438 /* CategoryCell.swift in Sources */ = {isa = PBXBuildFile; fileRef = C925876B2B8E39F200BBE438 /* CategoryCell.swift */; };
		C925876E2B8E39F200BBE438 /* CategoryCell.xib in Resources */ = {isa = PBXBuildFile; fileRef = C925876C2B8E39F200BBE438 /* CategoryCell.xib */; };
		C93AAF832B8C93C8003F902D /* AppDelegate.swift in Sources */ = {isa = PBXBuildFile; fileRef = C93AAF822B8C93C8003F902D /* AppDelegate.swift */; };
		C93AAF852B8C93C8003F902D /* SceneDelegate.swift in Sources */ = {isa = PBXBuildFile; fileRef = C93AAF842B8C93C8003F902D /* SceneDelegate.swift */; };
		C93AAF8A2B8C93C8003F902D /* Main.storyboard in Resources */ = {isa = PBXBuildFile; fileRef = C93AAF882B8C93C8003F902D /* Main.storyboard */; };
		C93AAF8C2B8C93CA003F902D /* Assets.xcassets in Resources */ = {isa = PBXBuildFile; fileRef = C93AAF8B2B8C93CA003F902D /* Assets.xcassets */; };
		C93AAF8F2B8C93CA003F902D /* LaunchScreen.storyboard in Resources */ = {isa = PBXBuildFile; fileRef = C93AAF8D2B8C93CA003F902D /* LaunchScreen.storyboard */; };
		C93AAF9B2B8C988F003F902D /* HomeScreen.swift in Sources */ = {isa = PBXBuildFile; fileRef = C93AAF9A2B8C988F003F902D /* HomeScreen.swift */; };
		C93AAF9D2B8C98A0003F902D /* CategoryScreen.swift in Sources */ = {isa = PBXBuildFile; fileRef = C93AAF9C2B8C98A0003F902D /* CategoryScreen.swift */; };
		C93AAF9F2B8C98C0003F902D /* CurateScreen.swift in Sources */ = {isa = PBXBuildFile; fileRef = C93AAF9E2B8C98C0003F902D /* CurateScreen.swift */; };
		C93AAFA12B8C98DB003F902D /* SaleScreen.swift in Sources */ = {isa = PBXBuildFile; fileRef = C93AAFA02B8C98DB003F902D /* SaleScreen.swift */; };
		C93AAFA32B8C98F4003F902D /* MoreScreen.swift in Sources */ = {isa = PBXBuildFile; fileRef = C93AAFA22B8C98F4003F902D /* MoreScreen.swift */; };
		C93AAFAA2B8C9E7A003F902D /* HomeCell.swift in Sources */ = {isa = PBXBuildFile; fileRef = C93AAFA82B8C9E7A003F902D /* HomeCell.swift */; };
		C93AAFAB2B8C9E7A003F902D /* HomeCell.xib in Resources */ = {isa = PBXBuildFile; fileRef = C93AAFA92B8C9E7A003F902D /* HomeCell.xib */; };
		C93AAFAF2B8CA28F003F902D /* topFirstCell.swift in Sources */ = {isa = PBXBuildFile; fileRef = C93AAFAD2B8CA28F003F902D /* topFirstCell.swift */; };
		C93AAFB02B8CA28F003F902D /* topFirstCell.xib in Resources */ = {isa = PBXBuildFile; fileRef = C93AAFAE2B8CA28F003F902D /* topFirstCell.xib */; };
		C93AAFB32B8CA301003F902D /* TopSecoundCell.swift in Sources */ = {isa = PBXBuildFile; fileRef = C93AAFB12B8CA301003F902D /* TopSecoundCell.swift */; };
		C93AAFB42B8CA301003F902D /* TopSecoundCell.xib in Resources */ = {isa = PBXBuildFile; fileRef = C93AAFB22B8CA301003F902D /* TopSecoundCell.xib */; };
		C93AAFB72B8CA433003F902D /* CustomUIView.swift in Sources */ = {isa = PBXBuildFile; fileRef = C93AAFB62B8CA433003F902D /* CustomUIView.swift */; };
		C93AAFBA2B8CB07B003F902D /* Model.swift in Sources */ = {isa = PBXBuildFile; fileRef = C93AAFB92B8CB07B003F902D /* Model.swift */; };
		C93AAFBE2B8CD68C003F902D /* ShortByCategoryCell.swift in Sources */ = {isa = PBXBuildFile; fileRef = C93AAFBC2B8CD68C003F902D /* ShortByCategoryCell.swift */; };
		C93AAFBF2B8CD68C003F902D /* ShortByCategoryCell.xib in Resources */ = {isa = PBXBuildFile; fileRef = C93AAFBD2B8CD68C003F902D /* ShortByCategoryCell.xib */; };
		C93AAFC22B8CF704003F902D /* Extentions.swift in Sources */ = {isa = PBXBuildFile; fileRef = C93AAFC12B8CF704003F902D /* Extentions.swift */; };
/* End PBXBuildFile section */

/* Begin PBXFileReference section */
		40E6B6932E39DF2E4876741D /* Pods-PracticalTaskEastEarn.release.xcconfig */ = {isa = PBXFileReference; includeInIndex = 1; lastKnownFileType = text.xcconfig; name = "Pods-PracticalTaskEastEarn.release.xcconfig"; path = "Target Support Files/Pods-PracticalTaskEastEarn/Pods-PracticalTaskEastEarn.release.xcconfig"; sourceTree = "<group>"; };
		93A90382D16351E9F915B96A /* Pods-PracticalTaskEastEarn.debug.xcconfig */ = {isa = PBXFileReference; includeInIndex = 1; lastKnownFileType = text.xcconfig; name = "Pods-PracticalTaskEastEarn.debug.xcconfig"; path = "Target Support Files/Pods-PracticalTaskEastEarn/Pods-PracticalTaskEastEarn.debug.xcconfig"; sourceTree = "<group>"; };
		C90B309C2B8DA14700DFD432 /* ShopByFebricCell.swift */ = {isa = PBXFileReference; lastKnownFileType = sourcecode.swift; path = ShopByFebricCell.swift; sourceTree = "<group>"; };
		C90B309D2B8DA14700DFD432 /* ShopByFebricCell.xib */ = {isa = PBXFileReference; lastKnownFileType = file.xib; path = ShopByFebricCell.xib; sourceTree = "<group>"; };
		C90B30A02B8DAB4400DFD432 /* UnStichedCell.swift */ = {isa = PBXFileReference; lastKnownFileType = sourcecode.swift; path = UnStichedCell.swift; sourceTree = "<group>"; };
		C90B30A12B8DAB4400DFD432 /* UnStichedCell.xib */ = {isa = PBXFileReference; lastKnownFileType = file.xib; path = UnStichedCell.xib; sourceTree = "<group>"; };
		C90B30A42B8DBA6100DFD432 /* BeuqueCollectionCell.swift */ = {isa = PBXFileReference; lastKnownFileType = sourcecode.swift; path = BeuqueCollectionCell.swift; sourceTree = "<group>"; };
		C90B30A52B8DBA6100DFD432 /* BeuqueCollectionCell.xib */ = {isa = PBXFileReference; lastKnownFileType = file.xib; path = BeuqueCollectionCell.xib; sourceTree = "<group>"; };
		C92587672B8E086000BBE438 /* ZoomAndSnapFlowLayout.swift */ = {isa = PBXFileReference; lastKnownFileType = sourcecode.swift; path = ZoomAndSnapFlowLayout.swift; sourceTree = "<group>"; };
		C925876B2B8E39F200BBE438 /* CategoryCell.swift */ = {isa = PBXFileReference; lastKnownFileType = sourcecode.swift; path = CategoryCell.swift; sourceTree = "<group>"; };
		C925876C2B8E39F200BBE438 /* CategoryCell.xib */ = {isa = PBXFileReference; lastKnownFileType = file.xib; path = CategoryCell.xib; sourceTree = "<group>"; };
		C93AAF7F2B8C93C8003F902D /* PracticalTaskEastEarn.app */ = {isa = PBXFileReference; explicitFileType = wrapper.application; includeInIndex = 0; path = PracticalTaskEastEarn.app; sourceTree = BUILT_PRODUCTS_DIR; };
		C93AAF822B8C93C8003F902D /* AppDelegate.swift */ = {isa = PBXFileReference; lastKnownFileType = sourcecode.swift; path = AppDelegate.swift; sourceTree = "<group>"; };
		C93AAF842B8C93C8003F902D /* SceneDelegate.swift */ = {isa = PBXFileReference; lastKnownFileType = sourcecode.swift; path = SceneDelegate.swift; sourceTree = "<group>"; };
		C93AAF892B8C93C8003F902D /* Base */ = {isa = PBXFileReference; lastKnownFileType = file.storyboard; name = Base; path = Base.lproj/Main.storyboard; sourceTree = "<group>"; };
		C93AAF8B2B8C93CA003F902D /* Assets.xcassets */ = {isa = PBXFileReference; lastKnownFileType = folder.assetcatalog; path = Assets.xcassets; sourceTree = "<group>"; };
		C93AAF8E2B8C93CA003F902D /* Base */ = {isa = PBXFileReference; lastKnownFileType = file.storyboard; name = Base; path = Base.lproj/LaunchScreen.storyboard; sourceTree = "<group>"; };
		C93AAF902B8C93CA003F902D /* Info.plist */ = {isa = PBXFileReference; lastKnownFileType = text.plist.xml; path = Info.plist; sourceTree = "<group>"; };
		C93AAF9A2B8C988F003F902D /* HomeScreen.swift */ = {isa = PBXFileReference; lastKnownFileType = sourcecode.swift; path = HomeScreen.swift; sourceTree = "<group>"; };
		C93AAF9C2B8C98A0003F902D /* CategoryScreen.swift */ = {isa = PBXFileReference; lastKnownFileType = sourcecode.swift; path = CategoryScreen.swift; sourceTree = "<group>"; };
		C93AAF9E2B8C98C0003F902D /* CurateScreen.swift */ = {isa = PBXFileReference; lastKnownFileType = sourcecode.swift; path = CurateScreen.swift; sourceTree = "<group>"; };
		C93AAFA02B8C98DB003F902D /* SaleScreen.swift */ = {isa = PBXFileReference; lastKnownFileType = sourcecode.swift; path = SaleScreen.swift; sourceTree = "<group>"; };
		C93AAFA22B8C98F4003F902D /* MoreScreen.swift */ = {isa = PBXFileReference; lastKnownFileType = sourcecode.swift; path = MoreScreen.swift; sourceTree = "<group>"; };
		C93AAFA82B8C9E7A003F902D /* HomeCell.swift */ = {isa = PBXFileReference; lastKnownFileType = sourcecode.swift; path = HomeCell.swift; sourceTree = "<group>"; };
		C93AAFA92B8C9E7A003F902D /* HomeCell.xib */ = {isa = PBXFileReference; lastKnownFileType = file.xib; path = HomeCell.xib; sourceTree = "<group>"; };
		C93AAFAD2B8CA28F003F902D /* topFirstCell.swift */ = {isa = PBXFileReference; lastKnownFileType = sourcecode.swift; path = topFirstCell.swift; sourceTree = "<group>"; };
		C93AAFAE2B8CA28F003F902D /* topFirstCell.xib */ = {isa = PBXFileReference; lastKnownFileType = file.xib; path = topFirstCell.xib; sourceTree = "<group>"; };
		C93AAFB12B8CA301003F902D /* TopSecoundCell.swift */ = {isa = PBXFileReference; lastKnownFileType = sourcecode.swift; path = TopSecoundCell.swift; sourceTree = "<group>"; };
		C93AAFB22B8CA301003F902D /* TopSecoundCell.xib */ = {isa = PBXFileReference; lastKnownFileType = file.xib; path = TopSecoundCell.xib; sourceTree = "<group>"; };
		C93AAFB62B8CA433003F902D /* CustomUIView.swift */ = {isa = PBXFileReference; lastKnownFileType = sourcecode.swift; path = CustomUIView.swift; sourceTree = "<group>"; };
		C93AAFB92B8CB07B003F902D /* Model.swift */ = {isa = PBXFileReference; lastKnownFileType = sourcecode.swift; path = Model.swift; sourceTree = "<group>"; };
		C93AAFBC2B8CD68C003F902D /* ShortByCategoryCell.swift */ = {isa = PBXFileReference; lastKnownFileType = sourcecode.swift; path = ShortByCategoryCell.swift; sourceTree = "<group>"; };
		C93AAFBD2B8CD68C003F902D /* ShortByCategoryCell.xib */ = {isa = PBXFileReference; lastKnownFileType = file.xib; path = ShortByCategoryCell.xib; sourceTree = "<group>"; };
		C93AAFC12B8CF704003F902D /* Extentions.swift */ = {isa = PBXFileReference; lastKnownFileType = sourcecode.swift; path = Extentions.swift; sourceTree = "<group>"; };
		D7B29A32E7D692CABA3302A5 /* Pods_PracticalTaskEastEarn.framework */ = {isa = PBXFileReference; explicitFileType = wrapper.framework; includeInIndex = 0; path = Pods_PracticalTaskEastEarn.framework; sourceTree = BUILT_PRODUCTS_DIR; };
/* End PBXFileReference section */

/* Begin PBXFrameworksBuildPhase section */
		C93AAF7C2B8C93C8003F902D /* Frameworks */ = {
			isa = PBXFrameworksBuildPhase;
			buildActionMask = 2147483647;
			files = (
				7582260107FEAB13E57CF05C /* Pods_PracticalTaskEastEarn.framework in Frameworks */,
			);
			runOnlyForDeploymentPostprocessing = 0;
		};
/* End PBXFrameworksBuildPhase section */

/* Begin PBXGroup section */
		27B1001FB3ADBA7B1F99B2EE /* Pods */ = {
			isa = PBXGroup;
			children = (
				93A90382D16351E9F915B96A /* Pods-PracticalTaskEastEarn.debug.xcconfig */,
				40E6B6932E39DF2E4876741D /* Pods-PracticalTaskEastEarn.release.xcconfig */,
			);
			path = Pods;
			sourceTree = "<group>";
		};
		4AEA894642774FCA68E98DAF /* Frameworks */ = {
			isa = PBXGroup;
			children = (
				D7B29A32E7D692CABA3302A5 /* Pods_PracticalTaskEastEarn.framework */,
			);
			name = Frameworks;
			sourceTree = "<group>";
		};
		C92587662B8E085100BBE438 /* HelperClass */ = {
			isa = PBXGroup;
			children = (
				C92587672B8E086000BBE438 /* ZoomAndSnapFlowLayout.swift */,
			);
			path = HelperClass;
			sourceTree = "<group>";
		};
		C92587692B8E397A00BBE438 /* Home */ = {
			isa = PBXGroup;
			children = (
				C93AAFA82B8C9E7A003F902D /* HomeCell.swift */,
				C93AAFA92B8C9E7A003F902D /* HomeCell.xib */,
			);
			path = Home;
			sourceTree = "<group>";
		};
		C925876A2B8E398B00BBE438 /* Category */ = {
			isa = PBXGroup;
			children = (
				C925876B2B8E39F200BBE438 /* CategoryCell.swift */,
				C925876C2B8E39F200BBE438 /* CategoryCell.xib */,
			);
			path = Category;
			sourceTree = "<group>";
		};
		C93AAF762B8C93C8003F902D = {
			isa = PBXGroup;
			children = (
				C93AAF812B8C93C8003F902D /* PracticalTaskEastEarn */,
				C93AAF802B8C93C8003F902D /* Products */,
				27B1001FB3ADBA7B1F99B2EE /* Pods */,
				4AEA894642774FCA68E98DAF /* Frameworks */,
			);
			sourceTree = "<group>";
		};
		C93AAF802B8C93C8003F902D /* Products */ = {
			isa = PBXGroup;
			children = (
				C93AAF7F2B8C93C8003F902D /* PracticalTaskEastEarn.app */,
			);
			name = Products;
			sourceTree = "<group>";
		};
		C93AAF812B8C93C8003F902D /* PracticalTaskEastEarn */ = {
			isa = PBXGroup;
			children = (
				C93AAFB82B8CB06E003F902D /* Model */,
				C93AAF962B8C979D003F902D /* APPConfig */,
				C93AAF972B8C97AF003F902D /* Screens */,
				C93AAFA42B8C9DB0003F902D /* Cells */,
				C93AAF982B8C97C3003F902D /* StoryBoards */,
				C93AAF902B8C93CA003F902D /* Info.plist */,
				C92587662B8E085100BBE438 /* HelperClass */,
				C93AAFB52B8CA418003F902D /* DesignableClass */,
				C93AAFC02B8CF6EE003F902D /* Extentions */,
				C93AAF992B8C97DF003F902D /* Assets */,
			);
			path = PracticalTaskEastEarn;
			sourceTree = "<group>";
		};
		C93AAF962B8C979D003F902D /* APPConfig */ = {
			isa = PBXGroup;
			children = (
				C93AAF822B8C93C8003F902D /* AppDelegate.swift */,
				C93AAF842B8C93C8003F902D /* SceneDelegate.swift */,
			);
			path = APPConfig;
			sourceTree = "<group>";
		};
		C93AAF972B8C97AF003F902D /* Screens */ = {
			isa = PBXGroup;
			children = (
				C93AAF9A2B8C988F003F902D /* HomeScreen.swift */,
				C93AAF9C2B8C98A0003F902D /* CategoryScreen.swift */,
				C93AAF9E2B8C98C0003F902D /* CurateScreen.swift */,
				C93AAFA02B8C98DB003F902D /* SaleScreen.swift */,
				C93AAFA22B8C98F4003F902D /* MoreScreen.swift */,
			);
			path = Screens;
			sourceTree = "<group>";
		};
		C93AAF982B8C97C3003F902D /* StoryBoards */ = {
			isa = PBXGroup;
			children = (
				C93AAF882B8C93C8003F902D /* Main.storyboard */,
				C93AAF8D2B8C93CA003F902D /* LaunchScreen.storyboard */,
			);
			path = StoryBoards;
			sourceTree = "<group>";
		};
		C93AAF992B8C97DF003F902D /* Assets */ = {
			isa = PBXGroup;
			children = (
				C93AAF8B2B8C93CA003F902D /* Assets.xcassets */,
			);
			path = Assets;
			sourceTree = "<group>";
		};
		C93AAFA42B8C9DB0003F902D /* Cells */ = {
			isa = PBXGroup;
			children = (
				C93AAFA72B8C9DEF003F902D /* CollectionViewCells */,
				C93AAFA52B8C9DCD003F902D /* TableViewCell */,
			);
			path = Cells;
			sourceTree = "<group>";
		};
		C93AAFA52B8C9DCD003F902D /* TableViewCell */ = {
			isa = PBXGroup;
			children = (
				C925876A2B8E398B00BBE438 /* Category */,
				C92587692B8E397A00BBE438 /* Home */,
			);
			path = TableViewCell;
			sourceTree = "<group>";
		};
		C93AAFA72B8C9DEF003F902D /* CollectionViewCells */ = {
			isa = PBXGroup;
			children = (
				C93AAFBB2B8CD667003F902D /* MiddleCollectionCells */,
				C93AAFAC2B8CA0A7003F902D /* topCollectionCells */,
			);
			path = CollectionViewCells;
			sourceTree = "<group>";
		};
		C93AAFAC2B8CA0A7003F902D /* topCollectionCells */ = {
			isa = PBXGroup;
			children = (
				C93AAFAD2B8CA28F003F902D /* topFirstCell.swift */,
				C93AAFAE2B8CA28F003F902D /* topFirstCell.xib */,
				C93AAFB12B8CA301003F902D /* TopSecoundCell.swift */,
				C93AAFB22B8CA301003F902D /* TopSecoundCell.xib */,
			);
			path = topCollectionCells;
			sourceTree = "<group>";
		};
		C93AAFB52B8CA418003F902D /* DesignableClass */ = {
			isa = PBXGroup;
			children = (
				C93AAFB62B8CA433003F902D /* CustomUIView.swift */,
			);
			path = DesignableClass;
			sourceTree = "<group>";
		};
		C93AAFB82B8CB06E003F902D /* Model */ = {
			isa = PBXGroup;
			children = (
				C93AAFB92B8CB07B003F902D /* Model.swift */,
			);
			path = Model;
			sourceTree = "<group>";
		};
		C93AAFBB2B8CD667003F902D /* MiddleCollectionCells */ = {
			isa = PBXGroup;
			children = (
				C93AAFBC2B8CD68C003F902D /* ShortByCategoryCell.swift */,
				C93AAFBD2B8CD68C003F902D /* ShortByCategoryCell.xib */,
				C90B309C2B8DA14700DFD432 /* ShopByFebricCell.swift */,
				C90B309D2B8DA14700DFD432 /* ShopByFebricCell.xib */,
				C90B30A02B8DAB4400DFD432 /* UnStichedCell.swift */,
				C90B30A12B8DAB4400DFD432 /* UnStichedCell.xib */,
				C90B30A42B8DBA6100DFD432 /* BeuqueCollectionCell.swift */,
				C90B30A52B8DBA6100DFD432 /* BeuqueCollectionCell.xib */,
			);
			path = MiddleCollectionCells;
			sourceTree = "<group>";
		};
		C93AAFC02B8CF6EE003F902D /* Extentions */ = {
			isa = PBXGroup;
			children = (
				C93AAFC12B8CF704003F902D /* Extentions.swift */,
			);
			path = Extentions;
			sourceTree = "<group>";
		};
/* End PBXGroup section */

/* Begin PBXNativeTarget section */
		C93AAF7E2B8C93C8003F902D /* PracticalTaskEastEarn */ = {
			isa = PBXNativeTarget;
			buildConfigurationList = C93AAF932B8C93CA003F902D /* Build configuration list for PBXNativeTarget "PracticalTaskEastEarn" */;
			buildPhases = (
				E9B8C02C1F1978FAA7C6C004 /* [CP] Check Pods Manifest.lock */,
				C93AAF7B2B8C93C8003F902D /* Sources */,
				C93AAF7C2B8C93C8003F902D /* Frameworks */,
				C93AAF7D2B8C93C8003F902D /* Resources */,
				C4092A7DF0D7339BCA4B4878 /* [CP] Embed Pods Frameworks */,
			);
			buildRules = (
			);
			dependencies = (
			);
			name = PracticalTaskEastEarn;
			productName = PracticalTaskEastEarn;
			productReference = C93AAF7F2B8C93C8003F902D /* PracticalTaskEastEarn.app */;
			productType = "com.apple.product-type.application";
		};
/* End PBXNativeTarget section */

/* Begin PBXProject section */
		C93AAF772B8C93C8003F902D /* Project object */ = {
			isa = PBXProject;
			attributes = {
				BuildIndependentTargetsInParallel = 1;
				LastSwiftUpdateCheck = 1500;
				LastUpgradeCheck = 1500;
				TargetAttributes = {
					C93AAF7E2B8C93C8003F902D = {
						CreatedOnToolsVersion = 15.0.1;
					};
				};
			};
			buildConfigurationList = C93AAF7A2B8C93C8003F902D /* Build configuration list for PBXProject "PracticalTaskEastEarn" */;
			compatibilityVersion = "Xcode 14.0";
			developmentRegion = en;
			hasScannedForEncodings = 0;
			knownRegions = (
				en,
				Base,
			);
			mainGroup = C93AAF762B8C93C8003F902D;
			productRefGroup = C93AAF802B8C93C8003F902D /* Products */;
			projectDirPath = "";
			projectRoot = "";
			targets = (
				C93AAF7E2B8C93C8003F902D /* PracticalTaskEastEarn */,
			);
		};
/* End PBXProject section */

/* Begin PBXResourcesBuildPhase section */
		C93AAF7D2B8C93C8003F902D /* Resources */ = {
			isa = PBXResourcesBuildPhase;
			buildActionMask = 2147483647;
			files = (
				C93AAF8F2B8C93CA003F902D /* LaunchScreen.storyboard in Resources */,
				C93AAFB02B8CA28F003F902D /* topFirstCell.xib in Resources */,
				C90B30A72B8DBA6100DFD432 /* BeuqueCollectionCell.xib in Resources */,
				C93AAF8C2B8C93CA003F902D /* Assets.xcassets in Resources */,
				C93AAFBF2B8CD68C003F902D /* ShortByCategoryCell.xib in Resources */,
				C93AAFAB2B8C9E7A003F902D /* HomeCell.xib in Resources */,
				C90B309F2B8DA14700DFD432 /* ShopByFebricCell.xib in Resources */,
				C93AAF8A2B8C93C8003F902D /* Main.storyboard in Resources */,
				C925876E2B8E39F200BBE438 /* CategoryCell.xib in Resources */,
				C93AAFB42B8CA301003F902D /* TopSecoundCell.xib in Resources */,
				C90B30A32B8DAB4400DFD432 /* UnStichedCell.xib in Resources */,
			);
			runOnlyForDeploymentPostprocessing = 0;
		};
/* End PBXResourcesBuildPhase section */

/* Begin PBXShellScriptBuildPhase section */
		C4092A7DF0D7339BCA4B4878 /* [CP] Embed Pods Frameworks */ = {
			isa = PBXShellScriptBuildPhase;
			buildActionMask = 2147483647;
			files = (
			);
			inputFileListPaths = (
				"${PODS_ROOT}/Target Support Files/Pods-PracticalTaskEastEarn/Pods-PracticalTaskEastEarn-frameworks-${CONFIGURATION}-input-files.xcfilelist",
			);
			name = "[CP] Embed Pods Frameworks";
			outputFileListPaths = (
				"${PODS_ROOT}/Target Support Files/Pods-PracticalTaskEastEarn/Pods-PracticalTaskEastEarn-frameworks-${CONFIGURATION}-output-files.xcfilelist",
			);
			runOnlyForDeploymentPostprocessing = 0;
			shellPath = /bin/sh;
			shellScript = "\"${PODS_ROOT}/Target Support Files/Pods-PracticalTaskEastEarn/Pods-PracticalTaskEastEarn-frameworks.sh\"\n";
			showEnvVarsInLog = 0;
		};
		E9B8C02C1F1978FAA7C6C004 /* [CP] Check Pods Manifest.lock */ = {
			isa = PBXShellScriptBuildPhase;
			buildActionMask = 2147483647;
			files = (
			);
			inputFileListPaths = (
			);
			inputPaths = (
				"${PODS_PODFILE_DIR_PATH}/Podfile.lock",
				"${PODS_ROOT}/Manifest.lock",
			);
			name = "[CP] Check Pods Manifest.lock";
			outputFileListPaths = (
			);
			outputPaths = (
				"$(DERIVED_FILE_DIR)/Pods-PracticalTaskEastEarn-checkManifestLockResult.txt",
			);
			runOnlyForDeploymentPostprocessing = 0;
			shellPath = /bin/sh;
			shellScript = "diff \"${PODS_PODFILE_DIR_PATH}/Podfile.lock\" \"${PODS_ROOT}/Manifest.lock\" > /dev/null\nif [ $? != 0 ] ; then\n    # print error to STDERR\n    echo \"error: The sandbox is not in sync with the Podfile.lock. Run 'pod install' or update your CocoaPods installation.\" >&2\n    exit 1\nfi\n# This output is used by Xcode 'outputs' to avoid re-running this script phase.\necho \"SUCCESS\" > \"${SCRIPT_OUTPUT_FILE_0}\"\n";
			showEnvVarsInLog = 0;
		};
/* End PBXShellScriptBuildPhase section */

/* Begin PBXSourcesBuildPhase section */
		C93AAF7B2B8C93C8003F902D /* Sources */ = {
			isa = PBXSourcesBuildPhase;
			buildActionMask = 2147483647;
			files = (
				C93AAFBE2B8CD68C003F902D /* ShortByCategoryCell.swift in Sources */,
				C925876D2B8E39F200BBE438 /* CategoryCell.swift in Sources */,
				C93AAF9F2B8C98C0003F902D /* CurateScreen.swift in Sources */,
				C93AAF832B8C93C8003F902D /* AppDelegate.swift in Sources */,
				C93AAFAA2B8C9E7A003F902D /* HomeCell.swift in Sources */,
				C93AAFBA2B8CB07B003F902D /* Model.swift in Sources */,
				C90B30A22B8DAB4400DFD432 /* UnStichedCell.swift in Sources */,
				C93AAFA32B8C98F4003F902D /* MoreScreen.swift in Sources */,
				C90B309E2B8DA14700DFD432 /* ShopByFebricCell.swift in Sources */,
				C90B30A62B8DBA6100DFD432 /* BeuqueCollectionCell.swift in Sources */,
				C93AAFC22B8CF704003F902D /* Extentions.swift in Sources */,
				C93AAFB72B8CA433003F902D /* CustomUIView.swift in Sources */,
				C93AAFA12B8C98DB003F902D /* SaleScreen.swift in Sources */,
				C92587682B8E086000BBE438 /* ZoomAndSnapFlowLayout.swift in Sources */,
				C93AAF9D2B8C98A0003F902D /* CategoryScreen.swift in Sources */,
				C93AAF852B8C93C8003F902D /* SceneDelegate.swift in Sources */,
				C93AAFAF2B8CA28F003F902D /* topFirstCell.swift in Sources */,
				C93AAF9B2B8C988F003F902D /* HomeScreen.swift in Sources */,
				C93AAFB32B8CA301003F902D /* TopSecoundCell.swift in Sources */,
			);
			runOnlyForDeploymentPostprocessing = 0;
		};
/* End PBXSourcesBuildPhase section */

/* Begin PBXVariantGroup section */
		C93AAF882B8C93C8003F902D /* Main.storyboard */ = {
			isa = PBXVariantGroup;
			children = (
				C93AAF892B8C93C8003F902D /* Base */,
			);
			name = Main.storyboard;
			sourceTree = "<group>";
		};
		C93AAF8D2B8C93CA003F902D /* LaunchScreen.storyboard */ = {
			isa = PBXVariantGroup;
			children = (
				C93AAF8E2B8C93CA003F902D /* Base */,
			);
			name = LaunchScreen.storyboard;
			sourceTree = "<group>";
		};
/* End PBXVariantGroup section */

/* Begin XCBuildConfiguration section */
		C93AAF912B8C93CA003F902D /* Debug */ = {
			isa = XCBuildConfiguration;
			buildSettings = {
				ALWAYS_SEARCH_USER_PATHS = NO;
				ASSETCATALOG_COMPILER_GENERATE_SWIFT_ASSET_SYMBOL_EXTENSIONS = YES;
				CLANG_ANALYZER_NONNULL = YES;
				CLANG_ANALYZER_NUMBER_OBJECT_CONVERSION = YES_AGGRESSIVE;
				CLANG_CXX_LANGUAGE_STANDARD = "gnu++20";
				CLANG_ENABLE_MODULES = YES;
				CLANG_ENABLE_OBJC_ARC = YES;
				CLANG_ENABLE_OBJC_WEAK = YES;
				CLANG_WARN_BLOCK_CAPTURE_AUTORELEASING = YES;
				CLANG_WARN_BOOL_CONVERSION = YES;
				CLANG_WARN_COMMA = YES;
				CLANG_WARN_CONSTANT_CONVERSION = YES;
				CLANG_WARN_DEPRECATED_OBJC_IMPLEMENTATIONS = YES;
				CLANG_WARN_DIRECT_OBJC_ISA_USAGE = YES_ERROR;
				CLANG_WARN_DOCUMENTATION_COMMENTS = YES;
				CLANG_WARN_EMPTY_BODY = YES;
				CLANG_WARN_ENUM_CONVERSION = YES;
				CLANG_WARN_INFINITE_RECURSION = YES;
				CLANG_WARN_INT_CONVERSION = YES;
				CLANG_WARN_NON_LITERAL_NULL_CONVERSION = YES;
				CLANG_WARN_OBJC_IMPLICIT_RETAIN_SELF = YES;
				CLANG_WARN_OBJC_LITERAL_CONVERSION = YES;
				CLANG_WARN_OBJC_ROOT_CLASS = YES_ERROR;
				CLANG_WARN_QUOTED_INCLUDE_IN_FRAMEWORK_HEADER = YES;
				CLANG_WARN_RANGE_LOOP_ANALYSIS = YES;
				CLANG_WARN_STRICT_PROTOTYPES = YES;
				CLANG_WARN_SUSPICIOUS_MOVE = YES;
				CLANG_WARN_UNGUARDED_AVAILABILITY = YES_AGGRESSIVE;
				CLANG_WARN_UNREACHABLE_CODE = YES;
				CLANG_WARN__DUPLICATE_METHOD_MATCH = YES;
				COPY_PHASE_STRIP = NO;
				DEBUG_INFORMATION_FORMAT = dwarf;
				ENABLE_STRICT_OBJC_MSGSEND = YES;
				ENABLE_TESTABILITY = YES;
				ENABLE_USER_SCRIPT_SANDBOXING = YES;
				GCC_C_LANGUAGE_STANDARD = gnu17;
				GCC_DYNAMIC_NO_PIC = NO;
				GCC_NO_COMMON_BLOCKS = YES;
				GCC_OPTIMIZATION_LEVEL = 0;
				GCC_PREPROCESSOR_DEFINITIONS = (
					"DEBUG=1",
					"$(inherited)",
				);
				GCC_WARN_64_TO_32_BIT_CONVERSION = YES;
				GCC_WARN_ABOUT_RETURN_TYPE = YES_ERROR;
				GCC_WARN_UNDECLARED_SELECTOR = YES;
				GCC_WARN_UNINITIALIZED_AUTOS = YES_AGGRESSIVE;
				GCC_WARN_UNUSED_FUNCTION = YES;
				GCC_WARN_UNUSED_VARIABLE = YES;
				IPHONEOS_DEPLOYMENT_TARGET = 17.0;
				LOCALIZATION_PREFERS_STRING_CATALOGS = YES;
				MTL_ENABLE_DEBUG_INFO = INCLUDE_SOURCE;
				MTL_FAST_MATH = YES;
				ONLY_ACTIVE_ARCH = YES;
				SDKROOT = iphoneos;
				SWIFT_ACTIVE_COMPILATION_CONDITIONS = "DEBUG $(inherited)";
				SWIFT_OPTIMIZATION_LEVEL = "-Onone";
			};
			name = Debug;
		};
		C93AAF922B8C93CA003F902D /* Release */ = {
			isa = XCBuildConfiguration;
			buildSettings = {
				ALWAYS_SEARCH_USER_PATHS = NO;
				ASSETCATALOG_COMPILER_GENERATE_SWIFT_ASSET_SYMBOL_EXTENSIONS = YES;
				CLANG_ANALYZER_NONNULL = YES;
				CLANG_ANALYZER_NUMBER_OBJECT_CONVERSION = YES_AGGRESSIVE;
				CLANG_CXX_LANGUAGE_STANDARD = "gnu++20";
				CLANG_ENABLE_MODULES = YES;
				CLANG_ENABLE_OBJC_ARC = YES;
				CLANG_ENABLE_OBJC_WEAK = YES;
				CLANG_WARN_BLOCK_CAPTURE_AUTORELEASING = YES;
				CLANG_WARN_BOOL_CONVERSION = YES;
				CLANG_WARN_COMMA = YES;
				CLANG_WARN_CONSTANT_CONVERSION = YES;
				CLANG_WARN_DEPRECATED_OBJC_IMPLEMENTATIONS = YES;
				CLANG_WARN_DIRECT_OBJC_ISA_USAGE = YES_ERROR;
				CLANG_WARN_DOCUMENTATION_COMMENTS = YES;
				CLANG_WARN_EMPTY_BODY = YES;
				CLANG_WARN_ENUM_CONVERSION = YES;
				CLANG_WARN_INFINITE_RECURSION = YES;
				CLANG_WARN_INT_CONVERSION = YES;
				CLANG_WARN_NON_LITERAL_NULL_CONVERSION = YES;
				CLANG_WARN_OBJC_IMPLICIT_RETAIN_SELF = YES;
				CLANG_WARN_OBJC_LITERAL_CONVERSION = YES;
				CLANG_WARN_OBJC_ROOT_CLASS = YES_ERROR;
				CLANG_WARN_QUOTED_INCLUDE_IN_FRAMEWORK_HEADER = YES;
				CLANG_WARN_RANGE_LOOP_ANALYSIS = YES;
				CLANG_WARN_STRICT_PROTOTYPES = YES;
				CLANG_WARN_SUSPICIOUS_MOVE = YES;
				CLANG_WARN_UNGUARDED_AVAILABILITY = YES_AGGRESSIVE;
				CLANG_WARN_UNREACHABLE_CODE = YES;
				CLANG_WARN__DUPLICATE_METHOD_MATCH = YES;
				COPY_PHASE_STRIP = NO;
				DEBUG_INFORMATION_FORMAT = "dwarf-with-dsym";
				ENABLE_NS_ASSERTIONS = NO;
				ENABLE_STRICT_OBJC_MSGSEND = YES;
				ENABLE_USER_SCRIPT_SANDBOXING = YES;
				GCC_C_LANGUAGE_STANDARD = gnu17;
				GCC_NO_COMMON_BLOCKS = YES;
				GCC_WARN_64_TO_32_BIT_CONVERSION = YES;
				GCC_WARN_ABOUT_RETURN_TYPE = YES_ERROR;
				GCC_WARN_UNDECLARED_SELECTOR = YES;
				GCC_WARN_UNINITIALIZED_AUTOS = YES_AGGRESSIVE;
				GCC_WARN_UNUSED_FUNCTION = YES;
				GCC_WARN_UNUSED_VARIABLE = YES;
				IPHONEOS_DEPLOYMENT_TARGET = 17.0;
				LOCALIZATION_PREFERS_STRING_CATALOGS = YES;
				MTL_ENABLE_DEBUG_INFO = NO;
				MTL_FAST_MATH = YES;
				SDKROOT = iphoneos;
				SWIFT_COMPILATION_MODE = wholemodule;
				VALIDATE_PRODUCT = YES;
			};
			name = Release;
		};
		C93AAF942B8C93CA003F902D /* Debug */ = {
			isa = XCBuildConfiguration;
			baseConfigurationReference = 93A90382D16351E9F915B96A /* Pods-PracticalTaskEastEarn.debug.xcconfig */;
			buildSettings = {
				ASSETCATALOG_COMPILER_APPICON_NAME = AppIcon;
				ASSETCATALOG_COMPILER_GLOBAL_ACCENT_COLOR_NAME = AccentColor;
				CODE_SIGN_STYLE = Automatic;
				CURRENT_PROJECT_VERSION = 1;
				DEVELOPMENT_TEAM = 44L948XCM8;
				ENABLE_USER_SCRIPT_SANDBOXING = NO;
				GENERATE_INFOPLIST_FILE = YES;
				INFOPLIST_FILE = PracticalTaskEastEarn/Info.plist;
				INFOPLIST_KEY_UIApplicationSupportsIndirectInputEvents = YES;
				INFOPLIST_KEY_UILaunchStoryboardName = LaunchScreen;
				INFOPLIST_KEY_UIMainStoryboardFile = Main;
				INFOPLIST_KEY_UISupportedInterfaceOrientations_iPad = "UIInterfaceOrientationPortrait UIInterfaceOrientationPortraitUpsideDown UIInterfaceOrientationLandscapeLeft UIInterfaceOrientationLandscapeRight";
				INFOPLIST_KEY_UISupportedInterfaceOrientations_iPhone = "UIInterfaceOrientationPortrait UIInterfaceOrientationLandscapeLeft UIInterfaceOrientationLandscapeRight";
				LD_RUNPATH_SEARCH_PATHS = (
					"$(inherited)",
					"@executable_path/Frameworks",
				);
				MARKETING_VERSION = 1.0;
				PRODUCT_BUNDLE_IDENTIFIER = com.mvinnovationdemo.app.PracticalTaskEastEarn;
				PRODUCT_NAME = "$(TARGET_NAME)";
				SWIFT_EMIT_LOC_STRINGS = YES;
				SWIFT_VERSION = 5.0;
				TARGETED_DEVICE_FAMILY = "1,2";
			};
			name = Debug;
		};
		C93AAF952B8C93CA003F902D /* Release */ = {
			isa = XCBuildConfiguration;
			baseConfigurationReference = 40E6B6932E39DF2E4876741D /* Pods-PracticalTaskEastEarn.release.xcconfig */;
			buildSettings = {
				ASSETCATALOG_COMPILER_APPICON_NAME = AppIcon;
				ASSETCATALOG_COMPILER_GLOBAL_ACCENT_COLOR_NAME = AccentColor;
				CODE_SIGN_STYLE = Automatic;
				CURRENT_PROJECT_VERSION = 1;
				DEVELOPMENT_TEAM = 44L948XCM8;
				ENABLE_USER_SCRIPT_SANDBOXING = NO;
				GENERATE_INFOPLIST_FILE = YES;
				INFOPLIST_FILE = PracticalTaskEastEarn/Info.plist;
				INFOPLIST_KEY_UIApplicationSupportsIndirectInputEvents = YES;
				INFOPLIST_KEY_UILaunchStoryboardName = LaunchScreen;
				INFOPLIST_KEY_UIMainStoryboardFile = Main;
				INFOPLIST_KEY_UISupportedInterfaceOrientations_iPad = "UIInterfaceOrientationPortrait UIInterfaceOrientationPortraitUpsideDown UIInterfaceOrientationLandscapeLeft UIInterfaceOrientationLandscapeRight";
				INFOPLIST_KEY_UISupportedInterfaceOrientations_iPhone = "UIInterfaceOrientationPortrait UIInterfaceOrientationLandscapeLeft UIInterfaceOrientationLandscapeRight";
				LD_RUNPATH_SEARCH_PATHS = (
					"$(inherited)",
					"@executable_path/Frameworks",
				);
				MARKETING_VERSION = 1.0;
				PRODUCT_BUNDLE_IDENTIFIER = com.mvinnovationdemo.app.PracticalTaskEastEarn;
				PRODUCT_NAME = "$(TARGET_NAME)";
				SWIFT_EMIT_LOC_STRINGS = YES;
				SWIFT_VERSION = 5.0;
				TARGETED_DEVICE_FAMILY = "1,2";
			};
			name = Release;
		};
/* End XCBuildConfiguration section */

/* Begin XCConfigurationList section */
		C93AAF7A2B8C93C8003F902D /* Build configuration list for PBXProject "PracticalTaskEastEarn" */ = {
			isa = XCConfigurationList;
			buildConfigurations = (
				C93AAF912B8C93CA003F902D /* Debug */,
				C93AAF922B8C93CA003F902D /* Release */,
			);
			defaultConfigurationIsVisible = 0;
			defaultConfigurationName = Release;
		};
		C93AAF932B8C93CA003F902D /* Build configuration list for PBXNativeTarget "PracticalTaskEastEarn" */ = {
			isa = XCConfigurationList;
			buildConfigurations = (
				C93AAF942B8C93CA003F902D /* Debug */,
				C93AAF952B8C93CA003F902D /* Release */,
			);
			defaultConfigurationIsVisible = 0;
			defaultConfigurationName = Release;
		};
/* End XCConfigurationList section */
	};
	rootObject = C93AAF772B8C93C8003F902D /* Project object */;
}
